
Microsoft Visual Studio Solution File, Format Version 12.00
# Visual Studio Version 16
VisualStudioVersion = 16.0.810.16
MinimumVisualStudioVersion = 10.0.40219.1
Project("{FAE04EC0-301F-11D3-BF4B-00C04F79EFBC}") = "OneHealthy", "OneHealthy\OneHealthy.csproj", "{A40D4E36-DEA0-47A8-BFD4-FB7AA2DD43CF}"
EndProject
Global
	GlobalSection(SolutionConfigurationPlatforms) = preSolution
		Debug|Any CPU = Debug|Any CPU
		Release|Any CPU = Release|Any CPU
	EndGlobalSection
	GlobalSection(ProjectConfigurationPlatforms) = postSolution
		{A40D4E36-DEA0-47A8-BFD4-FB7AA2DD43CF}.Debug|Any CPU.ActiveCfg = Debug|Any CPU
		{A40D4E36-DEA0-47A8-BFD4-FB7AA2DD43CF}.Debug|Any CPU.Build.0 = Debug|Any CPU
		{A40D4E36-DEA0-47A8-BFD4-FB7AA2DD43CF}.Release|Any CPU.ActiveCfg = Release|Any CPU
		{A40D4E36-DEA0-47A8-BFD4-FB7AA2DD43CF}.Release|Any CPU.Build.0 = Release|Any CPU
	EndGlobalSection
	GlobalSection(SolutionProperties) = preSolution
		HideSolutionNode = FALSE
	EndGlobalSection
	GlobalSection(ExtensibilityGlobals) = postSolution
		SolutionGuid = {0DF0CFA6-80C7-45FD-9ADB-26EF3ED8A39B}
	EndGlobalSection
EndGlobal
